
Microsoft Visual Studio Solution File, Format Version 12.00
# Visual Studio Version 17
VisualStudioVersion = 17.11.35312.102
MinimumVisualStudioVersion = 10.0.40219.1
Project("{FAE04EC0-301F-11D3-BF4B-00C04F79EFBC}") = "ImplementacionPatronDao", "ImplementacionPatronDao\ImplementacionPatronDao.csproj", "{CA154E14-733E-47C4-AB99-795BDF2EDF40}"
EndProject
Global
	GlobalSection(SolutionConfigurationPlatforms) = preSolution
		Debug|Any CPU = Debug|Any CPU
		Release|Any CPU = Release|Any CPU
	EndGlobalSection
	GlobalSection(ProjectConfigurationPlatforms) = postSolution
		{CA154E14-733E-47C4-AB99-795BDF2EDF40}.Debug|Any CPU.ActiveCfg = Debug|Any CPU
		{CA154E14-733E-47C4-AB99-795BDF2EDF40}.Debug|Any CPU.Build.0 = Debug|Any CPU
		{CA154E14-733E-47C4-AB99-795BDF2EDF40}.Release|Any CPU.ActiveCfg = Release|Any CPU
		{CA154E14-733E-47C4-AB99-795BDF2EDF40}.Release|Any CPU.Build.0 = Release|Any CPU
	EndGlobalSection
	GlobalSection(SolutionProperties) = preSolution
		HideSolutionNode = FALSE
	EndGlobalSection
	GlobalSection(ExtensibilityGlobals) = postSolution
		SolutionGuid = {C901A2A3-52C0-4279-965F-FACC8769DC00}
	EndGlobalSection
EndGlobal
